
Microsoft Visual Studio Solution File, Format Version 12.00
# Visual Studio Version 16
VisualStudioVersion = 16.0.31205.134
MinimumVisualStudioVersion = 10.0.40219.1
Project("{FAE04EC0-301F-11D3-BF4B-00C04F79EFBC}") = "WebAPIMet", "WebAPIMet\WebAPIMet.csproj", "{C5FEC05F-0A17-4144-B0FE-C2C59CB6AFC6}"
EndProject
Global
	GlobalSection(SolutionConfigurationPlatforms) = preSolution
		Debug|Any CPU = Debug|Any CPU
		Release|Any CPU = Release|Any CPU
	EndGlobalSection
	GlobalSection(ProjectConfigurationPlatforms) = postSolution
		{C5FEC05F-0A17-4144-B0FE-C2C59CB6AFC6}.Debug|Any CPU.ActiveCfg = Debug|Any CPU
		{C5FEC05F-0A17-4144-B0FE-C2C59CB6AFC6}.Debug|Any CPU.Build.0 = Debug|Any CPU
		{C5FEC05F-0A17-4144-B0FE-C2C59CB6AFC6}.Release|Any CPU.ActiveCfg = Release|Any CPU
		{C5FEC05F-0A17-4144-B0FE-C2C59CB6AFC6}.Release|Any CPU.Build.0 = Release|Any CPU
	EndGlobalSection
	GlobalSection(SolutionProperties) = preSolution
		HideSolutionNode = FALSE
	EndGlobalSection
	GlobalSection(ExtensibilityGlobals) = postSolution
		SolutionGuid = {3FA368D1-1770-4717-8EEB-93186CF8A7B1}
	EndGlobalSection
EndGlobal
